
Microsoft Visual Studio Solution File, Format Version 12.00
# Visual Studio Version 17
VisualStudioVersion = 17.11.35312.102
MinimumVisualStudioVersion = 10.0.40219.1
Project("{9A19103F-16F7-4668-BE54-9A1E7A4F7556}") = "SyngentaGatewayApp", "SyngentaGatewayApp\SyngentaGatewayApp.csproj", "{5C4B9543-6027-4E76-B77E-AA4F53D17CAD}"
EndProject
Project("{9A19103F-16F7-4668-BE54-9A1E7A4F7556}") = "IoTClient", "..\libs\IoTClient-master\IoTClient\IoTClient.csproj", "{B69B9DCF-0F15-4988-A4D0-CA0671E1EEF8}"
EndProject
Project("{9A19103F-16F7-4668-BE54-9A1E7A4F7556}") = "iSoft.Common", "..\..\..\..\source\repos\GatewayIConnection\Libs\iSoft.Common\iSoft.Common.csproj", "{A4CA66F7-D12F-4AD7-96C4-AAF5D3512DC4}"
EndProject
Global
	GlobalSection(SolutionConfigurationPlatforms) = preSolution
		Debug|Any CPU = Debug|Any CPU
		Release|Any CPU = Release|Any CPU
	EndGlobalSection
	GlobalSection(ProjectConfigurationPlatforms) = postSolution
		{5C4B9543-6027-4E76-B77E-AA4F53D17CAD}.Debug|Any CPU.ActiveCfg = Debug|Any CPU
		{5C4B9543-6027-4E76-B77E-AA4F53D17CAD}.Debug|Any CPU.Build.0 = Debug|Any CPU
		{5C4B9543-6027-4E76-B77E-AA4F53D17CAD}.Release|Any CPU.ActiveCfg = Release|Any CPU
		{5C4B9543-6027-4E76-B77E-AA4F53D17CAD}.Release|Any CPU.Build.0 = Release|Any CPU
		{B69B9DCF-0F15-4988-A4D0-CA0671E1EEF8}.Debug|Any CPU.ActiveCfg = Debug|Any CPU
		{B69B9DCF-0F15-4988-A4D0-CA0671E1EEF8}.Debug|Any CPU.Build.0 = Debug|Any CPU
		{B69B9DCF-0F15-4988-A4D0-CA0671E1EEF8}.Release|Any CPU.ActiveCfg = Release|Any CPU
		{B69B9DCF-0F15-4988-A4D0-CA0671E1EEF8}.Release|Any CPU.Build.0 = Release|Any CPU
		{A4CA66F7-D12F-4AD7-96C4-AAF5D3512DC4}.Debug|Any CPU.ActiveCfg = Debug|Any CPU
		{A4CA66F7-D12F-4AD7-96C4-AAF5D3512DC4}.Debug|Any CPU.Build.0 = Debug|Any CPU
		{A4CA66F7-D12F-4AD7-96C4-AAF5D3512DC4}.Release|Any CPU.ActiveCfg = Release|Any CPU
		{A4CA66F7-D12F-4AD7-96C4-AAF5D3512DC4}.Release|Any CPU.Build.0 = Release|Any CPU
	EndGlobalSection
	GlobalSection(SolutionProperties) = preSolution
		HideSolutionNode = FALSE
	EndGlobalSection
	GlobalSection(ExtensibilityGlobals) = postSolution
		SolutionGuid = {414725AD-56B2-408B-B5A3-E4F9D3D6EE42}
	EndGlobalSection
EndGlobal
